{
  "version": 4,
  "terraform_version": "0.13.0",
  "serial": 5,
  "lineage": "3e43381d-fa3b-ab77-b5ec-fe3d03d8498c",
  "outputs": {
    "password": {
      "value": "u836",
      "type": "string"
    }
  },
  "resources": [
    {
      "mode": "managed",
      "type": "random_password",
      "name": "my_password",
      "provider": "provider[\"registry.terraform.io/hashicorp/random\"]",
      "instances": [
        {
          "schema_version": 3,
          "attributes": {
            "bcrypt_hash": "$2a$10$OEIwG49Ny0jXwsYFvlm5qed.jbNjh6Q7puGBGEh6aPc/x2uDrusTi",
            "id": "none",
            "keepers": null,
            "length": 4,
            "lower": true,
            "min_lower": 0,
            "min_numeric": 0,
            "min_special": 0,
            "min_upper": 0,
            "number": true,
            "numeric": true,
            "override_special": null,
            "result": "u836",
            "special": true,
            "upper": true
          }
        }
      ]
    }
  ]
}
